
Microsoft Visual Studio Solution File, Format Version 12.00
# Visual Studio Version 17
VisualStudioVersion = 17.14.36121.58
MinimumVisualStudioVersion = 10.0.40219.1
Project("{FAE04EC0-301F-11D3-BF4B-00C04F79EFBC}") = "MVCCultureOnline", "MVCCultureOnline\MVCCultureOnline.csproj", "{6B0D54D8-C268-4645-BE30-E7B274A190EA}"
EndProject
Project("{2150E333-8FDC-42A3-9474-1A3956D46DE8}") = "Elementos de la solución", "Elementos de la solución", "{D107F4C8-89CC-BEA8-D3D7-CA6B7733353D}"
	ProjectSection(SolutionItems) = preProject
		.gitignore = .gitignore
	EndProjectSection
EndProject
Project("{FAE04EC0-301F-11D3-BF4B-00C04F79EFBC}") = "CultureOnline.Application", "CultureOnline.Application\CultureOnline.Application.csproj", "{A1C66130-6ACE-4761-B84A-BBB103343143}"
EndProject
Project("{FAE04EC0-301F-11D3-BF4B-00C04F79EFBC}") = "CultureOnline.Infraestructure", "CultureOnline.Infraestructure\CultureOnline.Infraestructure.csproj", "{87CC2A98-1438-4CD2-964D-4792DFB91D49}"
EndProject
Global
	GlobalSection(SolutionConfigurationPlatforms) = preSolution
		Debug|Any CPU = Debug|Any CPU
		Release|Any CPU = Release|Any CPU
	EndGlobalSection
	GlobalSection(ProjectConfigurationPlatforms) = postSolution
		{6B0D54D8-C268-4645-BE30-E7B274A190EA}.Debug|Any CPU.ActiveCfg = Debug|Any CPU
		{6B0D54D8-C268-4645-BE30-E7B274A190EA}.Debug|Any CPU.Build.0 = Debug|Any CPU
		{6B0D54D8-C268-4645-BE30-E7B274A190EA}.Release|Any CPU.ActiveCfg = Release|Any CPU
		{6B0D54D8-C268-4645-BE30-E7B274A190EA}.Release|Any CPU.Build.0 = Release|Any CPU
		{A1C66130-6ACE-4761-B84A-BBB103343143}.Debug|Any CPU.ActiveCfg = Debug|Any CPU
		{A1C66130-6ACE-4761-B84A-BBB103343143}.Debug|Any CPU.Build.0 = Debug|Any CPU
		{A1C66130-6ACE-4761-B84A-BBB103343143}.Release|Any CPU.ActiveCfg = Release|Any CPU
		{A1C66130-6ACE-4761-B84A-BBB103343143}.Release|Any CPU.Build.0 = Release|Any CPU
		{87CC2A98-1438-4CD2-964D-4792DFB91D49}.Debug|Any CPU.ActiveCfg = Debug|Any CPU
		{87CC2A98-1438-4CD2-964D-4792DFB91D49}.Debug|Any CPU.Build.0 = Debug|Any CPU
		{87CC2A98-1438-4CD2-964D-4792DFB91D49}.Release|Any CPU.ActiveCfg = Release|Any CPU
		{87CC2A98-1438-4CD2-964D-4792DFB91D49}.Release|Any CPU.Build.0 = Release|Any CPU
	EndGlobalSection
	GlobalSection(SolutionProperties) = preSolution
		HideSolutionNode = FALSE
	EndGlobalSection
	GlobalSection(ExtensibilityGlobals) = postSolution
		SolutionGuid = {617B1056-299B-4315-B1AA-A64B13E400F0}
	EndGlobalSection
EndGlobal
